# This file is automatically @generated by Poetry 1.5.4 and should not be changed by hand.

[[package]]
name = "pyside6"
version = "6.7.1"
description = "Python bindings for the Qt cross-platform application and UI framework"
optional = false
python-versions = "<3.13,>=3.9"
files = [
    {file = "PySide6-6.7.1-cp39-abi3-macosx_11_0_universal2.whl", hash = "sha256:fb50aad5023ca6f4a4e62079aa57258f72cff65e33100849dab85087017f3041"},
    {file = "PySide6-6.7.1-cp39-abi3-manylinux_2_28_x86_64.whl", hash = "sha256:45a539286e3a8afafd3ebc6b3391d587ce86293564ecba3a994e335dc68fe599"},
    {file = "PySide6-6.7.1-cp39-abi3-manylinux_2_31_aarch64.whl", hash = "sha256:98ac591d8b54844f366fe806e92437487f31250b24aaf647bd192f958e4d2afb"},
    {file = "PySide6-6.7.1-cp39-abi3-win_amd64.whl", hash = "sha256:ea088381d99b53950c87510fd42801a3b6e21d15e7a9ff6c69f96a34a9030fbc"},
]

[package.dependencies]
PySide6-Addons = "6.7.1"
PySide6-Essentials = "6.7.1"
shiboken6 = "6.7.1"

[[package]]
name = "pyside6-addons"
version = "6.7.1"
description = "Python bindings for the Qt cross-platform application and UI framework (Addons)"
optional = false
python-versions = "<3.13,>=3.9"
files = [
    {file = "PySide6_Addons-6.7.1-cp39-abi3-macosx_11_0_universal2.whl", hash = "sha256:f360baa915fbd0be9beb3439e937d8accbaa56dd03c4b95f4c869d679343eb3e"},
    {file = "PySide6_Addons-6.7.1-cp39-abi3-manylinux_2_28_x86_64.whl", hash = "sha256:e9fbfc31e0de5075ee98d92cdbd7ccd274e4ac25100c890ae5bddfc8804a304c"},
    {file = "PySide6_Addons-6.7.1-cp39-abi3-manylinux_2_31_aarch64.whl", hash = "sha256:e7de1210580217cf605c5ac8cb0f21ebcc51b261e6f9c90908eb596991607789"},
    {file = "PySide6_Addons-6.7.1-cp39-abi3-win_amd64.whl", hash = "sha256:58c91a27aba1190f48200d7ec6b12422b955b1ca3f68e82fc97081561d77ba4f"},
]

[package.dependencies]
PySide6-Essentials = "6.7.1"
shiboken6 = "6.7.1"

[[package]]
name = "pyside6-essentials"
version = "6.7.1"
description = "Python bindings for the Qt cross-platform application and UI framework (Essentials)"
optional = false
python-versions = "<3.13,>=3.9"
files = [
    {file = "PySide6_Essentials-6.7.1-cp39-abi3-macosx_11_0_universal2.whl", hash = "sha256:a527ec6d36533ad1ef04209b01d3d3d0286e0caaf26ec0fb0db601abbe738aac"},
    {file = "PySide6_Essentials-6.7.1-cp39-abi3-manylinux_2_28_x86_64.whl", hash = "sha256:b2d70dc4376c1b1ff5b2988a428a0ed5a889173ce9a0b56803468063d0ef7c75"},
    {file = "PySide6_Essentials-6.7.1-cp39-abi3-manylinux_2_31_aarch64.whl", hash = "sha256:b1cc7eadccd2a3a6cf4bc789b874bd316714b8c5191ade4a710b952bd0d2cc81"},
    {file = "PySide6_Essentials-6.7.1-cp39-abi3-win_amd64.whl", hash = "sha256:9a42670f1288759abef1bb1ce948f05acc2cc07a88df14e06467a9c43405b616"},
]

[package.dependencies]
shiboken6 = "6.7.1"

[[package]]
name = "pyside6-qtads"
version = "4.3.0.1"
description = "PySide6 bindings to Qt Advanced Docking System"
optional = false
python-versions = ">=3.8"
files = [
    {file = "PySide6_QtAds-4.3.0.1-cp38-abi3-macosx_11_0_arm64.whl", hash = "sha256:42cc6c7c95afa3b9a4dca363ad95906e282305fd2371f0bdab8f553ae10542fc"},
    {file = "PySide6_QtAds-4.3.0.1-cp38-abi3-macosx_11_0_x86_64.whl", hash = "sha256:57f869b1c19cd1ddc1fd86c190e340d2f542161216af718e774409477fbf958b"},
    {file = "PySide6_QtAds-4.3.0.1-cp38-abi3-manylinux_2_28_x86_64.whl", hash = "sha256:0f6e103b467d25bdedc6b1ee294f957ce2887719c6e24538da244fbc05979c14"},
    {file = "PySide6_QtAds-4.3.0.1-cp38-abi3-win_amd64.whl", hash = "sha256:f65efe138d0d6376e01a449ff96cf059d975110c48b89ac3de290c3f45195a99"},
    {file = "pyside6_qtads-4.3.0.1.tar.gz", hash = "sha256:a95f0a9276ba81c80733ade0952f7af75516d07ce1cfbb937ddc6318b1d512b5"},
]

[package.dependencies]
PySide6-Essentials = "6.7.1"
shiboken6 = "6.7.1"

[[package]]
name = "shiboken6"
version = "6.7.1"
description = "Python/C++ bindings helper module"
optional = false
python-versions = "<3.13,>=3.9"
files = [
    {file = "shiboken6-6.7.1-cp39-abi3-macosx_11_0_universal2.whl", hash = "sha256:80aa412a45d984592a865f95a6d0e39b70e41ef251d11a39880802454d9d87c8"},
    {file = "shiboken6-6.7.1-cp39-abi3-manylinux_2_28_x86_64.whl", hash = "sha256:6322b7a6232fc93eac0b11489007734438ae1e6213429fd6d7521d04072c2f87"},
    {file = "shiboken6-6.7.1-cp39-abi3-manylinux_2_31_aarch64.whl", hash = "sha256:ec53bfcc4bb762bc845548410e17a09447837a3f20102efb4f91c12688648091"},
    {file = "shiboken6-6.7.1-cp39-abi3-win_amd64.whl", hash = "sha256:a023ac2dc24c9325dbd0698bb7c21057e2361e92a2e187009820433342c882a0"},
]

[metadata]
lock-version = "2.0"
python-versions = ">=3.10.0,<3.12"
content-hash = "91d6421bc0584abfeb87b5ea7475dcf05b1a87d00cbfd5873f6fc4041015eb21"
